{
  "pins" : [
    {
      "identity" : "swiftui-image-viewer",
      "kind" : "remoteSourceControl",
      "location" : "https://github.com/fuzzzlove/swiftui-image-viewer.git",
      "state" : {
        "revision" : "ca77123064ae046eac2be01654ee756085c2b182",
        "version" : "1.0.0"
      }
    }
  ],
  "version" : 2
}
